// !$*UTF8*$!
{
	archiveVersion = 1;
	classes = {
	};
	objectVersion = 46;
	objects = {

/* Begin PBXBuildFile section */
		FFBD872E142F63EF0041DD1E /* UIKit.framework in Frameworks */ = {isa = PBXBuildFile; fileRef = FFBD872D142F63EF0041DD1E /* UIKit.framework */; };
		FFBD8730142F63EF0041DD1E /* Foundation.framework in Frameworks */ = {isa = PBXBuildFile; fileRef = FFBD872F142F63EF0041DD1E /* Foundation.framework */; };
		FFBD8732142F63EF0041DD1E /* CoreGraphics.framework in Frameworks */ = {isa = PBXBuildFile; fileRef = FFBD8731142F63EF0041DD1E /* CoreGraphics.framework */; };
		FFBD8738142F63EF0041DD1E /* InfoPlist.strings in Resources */ = {isa = PBXBuildFile; fileRef = FFBD8736142F63EF0041DD1E /* InfoPlist.strings */; };
		FFBD873A142F63EF0041DD1E /* main.m in Sources */ = {isa = PBXBuildFile; fileRef = FFBD8739142F63EF0041DD1E /* main.m */; };
		FFBD873E142F63EF0041DD1E /* IRODSAppDelegate.m in Sources */ = {isa = PBXBuildFile; fileRef = FFBD873D142F63EF0041DD1E /* IRODSAppDelegate.m */; };
		FFBD8757142F64820041DD1E /* libIRODKit.a in Frameworks */ = {isa = PBXBuildFile; fileRef = FFBD8754142F646F0041DD1E /* libIRODKit.a */; };
		FFBD8793142F66110041DD1E /* libIRFoundationsTouch.a in Frameworks */ = {isa = PBXBuildFile; fileRef = FFBD8783142F66030041DD1E /* libIRFoundationsTouch.a */; };
		FFBD8794142F66110041DD1E /* libIRWebAPIKit.a in Frameworks */ = {isa = PBXBuildFile; fileRef = FFBD878C142F66080041DD1E /* libIRWebAPIKit.a */; };
		FFBD87D1142F71010041DD1E /* MobileCoreServices.framework in Frameworks */ = {isa = PBXBuildFile; fileRef = FFBD87D0142F71010041DD1E /* MobileCoreServices.framework */; };
		FFBD87D4142F71450041DD1E /* JSONKit.m in Sources */ = {isa = PBXBuildFile; fileRef = FFBD87D3142F71450041DD1E /* JSONKit.m */; };
/* End PBXBuildFile section */

/* Begin PBXContainerItemProxy section */
		FFBD8753142F646F0041DD1E /* PBXContainerItemProxy */ = {
			isa = PBXContainerItemProxy;
			containerPortal = FFBD874C142F646F0041DD1E /* IRODKit.xcodeproj */;
			proxyType = 2;
			remoteGlobalIDString = FFBD870A142F63A90041DD1E;
			remoteInfo = IRODKit;
		};
		FFBD8755142F64760041DD1E /* PBXContainerItemProxy */ = {
			isa = PBXContainerItemProxy;
			containerPortal = FFBD874C142F646F0041DD1E /* IRODKit.xcodeproj */;
			proxyType = 1;
			remoteGlobalIDString = FFBD8709142F63A90041DD1E;
			remoteInfo = IRODKit;
		};
		FFBD8782142F66030041DD1E /* PBXContainerItemProxy */ = {
			isa = PBXContainerItemProxy;
			containerPortal = FFBD877D142F66030041DD1E /* IRFoundations.xcodeproj */;
			proxyType = 2;
			remoteGlobalIDString = FF0A8BA91337AFB700DDA47C;
			remoteInfo = IRFoundationsTouch;
		};
		FFBD8784142F66030041DD1E /* PBXContainerItemProxy */ = {
			isa = PBXContainerItemProxy;
			containerPortal = FFBD877D142F66030041DD1E /* IRFoundations.xcodeproj */;
			proxyType = 2;
			remoteGlobalIDString = FFFDEF7014211BCC0083BEFB;
			remoteInfo = IRFoundations;
		};
		FFBD878B142F66080041DD1E /* PBXContainerItemProxy */ = {
			isa = PBXContainerItemProxy;
			containerPortal = FFBD8786142F66080041DD1E /* IRWebAPIKit.xcodeproj */;
			proxyType = 2;
			remoteGlobalIDString = FF7408241296A8D200571D46;
			remoteInfo = IRWebAPIKit;
		};
		FFBD878D142F66080041DD1E /* PBXContainerItemProxy */ = {
			isa = PBXContainerItemProxy;
			containerPortal = FFBD8786142F66080041DD1E /* IRWebAPIKit.xcodeproj */;
			proxyType = 2;
			remoteGlobalIDString = FF45627812D05708000239DC;
			remoteInfo = IRWebAPIKitTest;
		};
		FFBD878F142F660E0041DD1E /* PBXContainerItemProxy */ = {
			isa = PBXContainerItemProxy;
			containerPortal = FFBD877D142F66030041DD1E /* IRFoundations.xcodeproj */;
			proxyType = 1;
			remoteGlobalIDString = FF0A8BA81337AFB700DDA47C;
			remoteInfo = IRFoundationsTouch;
		};
		FFBD8791142F660E0041DD1E /* PBXContainerItemProxy */ = {
			isa = PBXContainerItemProxy;
			containerPortal = FFBD8786142F66080041DD1E /* IRWebAPIKit.xcodeproj */;
			proxyType = 1;
			remoteGlobalIDString = FF7408231296A8D200571D46;
			remoteInfo = IRWebAPIKit;
		};
/* End PBXContainerItemProxy section */

/* Begin PBXFileReference section */
		FFBD8729142F63EF0041DD1E /* IRODKit-Sample.app */ = {isa = PBXFileReference; explicitFileType = wrapper.application; includeInIndex = 0; path = "IRODKit-Sample.app"; sourceTree = BUILT_PRODUCTS_DIR; };
		FFBD872D142F63EF0041DD1E /* UIKit.framework */ = {isa = PBXFileReference; lastKnownFileType = wrapper.framework; name = UIKit.framework; path = System/Library/Frameworks/UIKit.framework; sourceTree = SDKROOT; };
		FFBD872F142F63EF0041DD1E /* Foundation.framework */ = {isa = PBXFileReference; lastKnownFileType = wrapper.framework; name = Foundation.framework; path = System/Library/Frameworks/Foundation.framework; sourceTree = SDKROOT; };
		FFBD8731142F63EF0041DD1E /* CoreGraphics.framework */ = {isa = PBXFileReference; lastKnownFileType = wrapper.framework; name = CoreGraphics.framework; path = System/Library/Frameworks/CoreGraphics.framework; sourceTree = SDKROOT; };
		FFBD8735142F63EF0041DD1E /* IRODKit-Sample-Info.plist */ = {isa = PBXFileReference; lastKnownFileType = text.plist.xml; path = "IRODKit-Sample-Info.plist"; sourceTree = "<group>"; };
		FFBD8737142F63EF0041DD1E /* en */ = {isa = PBXFileReference; lastKnownFileType = text.plist.strings; name = en; path = en.lproj/InfoPlist.strings; sourceTree = "<group>"; };
		FFBD8739142F63EF0041DD1E /* main.m */ = {isa = PBXFileReference; lastKnownFileType = sourcecode.c.objc; path = main.m; sourceTree = "<group>"; };
		FFBD873B142F63EF0041DD1E /* IRODKit-Sample-Prefix.pch */ = {isa = PBXFileReference; lastKnownFileType = sourcecode.c.h; path = "IRODKit-Sample-Prefix.pch"; sourceTree = "<group>"; };
		FFBD873C142F63EF0041DD1E /* IRODSAppDelegate.h */ = {isa = PBXFileReference; lastKnownFileType = sourcecode.c.h; path = IRODSAppDelegate.h; sourceTree = "<group>"; };
		FFBD873D142F63EF0041DD1E /* IRODSAppDelegate.m */ = {isa = PBXFileReference; lastKnownFileType = sourcecode.c.objc; path = IRODSAppDelegate.m; sourceTree = "<group>"; };
		FFBD874C142F646F0041DD1E /* IRODKit.xcodeproj */ = {isa = PBXFileReference; lastKnownFileType = "wrapper.pb-project"; path = IRODKit.xcodeproj; sourceTree = "<group>"; };
		FFBD877D142F66030041DD1E /* IRFoundations.xcodeproj */ = {isa = PBXFileReference; lastKnownFileType = "wrapper.pb-project"; name = IRFoundations.xcodeproj; path = Externals/IRFoundations/IRFoundations/IRFoundations.xcodeproj; sourceTree = "<group>"; };
		FFBD8786142F66080041DD1E /* IRWebAPIKit.xcodeproj */ = {isa = PBXFileReference; lastKnownFileType = "wrapper.pb-project"; name = IRWebAPIKit.xcodeproj; path = Externals/IRWebAPIKit/IRWebAPIKit.xcodeproj; sourceTree = "<group>"; };
		FFBD87D0142F71010041DD1E /* MobileCoreServices.framework */ = {isa = PBXFileReference; lastKnownFileType = wrapper.framework; name = MobileCoreServices.framework; path = System/Library/Frameworks/MobileCoreServices.framework; sourceTree = SDKROOT; };
		FFBD87D2142F71450041DD1E /* JSONKit.h */ = {isa = PBXFileReference; fileEncoding = 4; lastKnownFileType = sourcecode.c.h; name = JSONKit.h; path = Externals/JSONKit/JSONKit.h; sourceTree = "<group>"; };
		FFBD87D3142F71450041DD1E /* JSONKit.m */ = {isa = PBXFileReference; fileEncoding = 4; lastKnownFileType = sourcecode.c.objc; name = JSONKit.m; path = Externals/JSONKit/JSONKit.m; sourceTree = "<group>"; };
/* End PBXFileReference section */

/* Begin PBXFrameworksBuildPhase section */
		FFBD8726142F63EF0041DD1E /* Frameworks */ = {
			isa = PBXFrameworksBuildPhase;
			buildActionMask = 2147483647;
			files = (
				FFBD8793142F66110041DD1E /* libIRFoundationsTouch.a in Frameworks */,
				FFBD8794142F66110041DD1E /* libIRWebAPIKit.a in Frameworks */,
				FFBD8757142F64820041DD1E /* libIRODKit.a in Frameworks */,
				FFBD87D1142F71010041DD1E /* MobileCoreServices.framework in Frameworks */,
				FFBD872E142F63EF0041DD1E /* UIKit.framework in Frameworks */,
				FFBD8730142F63EF0041DD1E /* Foundation.framework in Frameworks */,
				FFBD8732142F63EF0041DD1E /* CoreGraphics.framework in Frameworks */,
			);
			runOnlyForDeploymentPostprocessing = 0;
		};
/* End PBXFrameworksBuildPhase section */

/* Begin PBXGroup section */
		FFBD871E142F63EF0041DD1E = {
			isa = PBXGroup;
			children = (
				FFBD8733142F63EF0041DD1E /* IRODKit-Sample */,
				FFBD872C142F63EF0041DD1E /* Frameworks */,
				FFBD872A142F63EF0041DD1E /* Products */,
			);
			sourceTree = "<group>";
		};
		FFBD872A142F63EF0041DD1E /* Products */ = {
			isa = PBXGroup;
			children = (
				FFBD8729142F63EF0041DD1E /* IRODKit-Sample.app */,
			);
			name = Products;
			sourceTree = "<group>";
		};
		FFBD872C142F63EF0041DD1E /* Frameworks */ = {
			isa = PBXGroup;
			children = (
				FFBD87D2142F71450041DD1E /* JSONKit.h */,
				FFBD87D3142F71450041DD1E /* JSONKit.m */,
				FFBD877D142F66030041DD1E /* IRFoundations.xcodeproj */,
				FFBD8786142F66080041DD1E /* IRWebAPIKit.xcodeproj */,
				FFBD874C142F646F0041DD1E /* IRODKit.xcodeproj */,
				FFBD872D142F63EF0041DD1E /* UIKit.framework */,
				FFBD872F142F63EF0041DD1E /* Foundation.framework */,
				FFBD8731142F63EF0041DD1E /* CoreGraphics.framework */,
				FFBD87D0142F71010041DD1E /* MobileCoreServices.framework */,
			);
			name = Frameworks;
			sourceTree = "<group>";
		};
		FFBD8733142F63EF0041DD1E /* IRODKit-Sample */ = {
			isa = PBXGroup;
			children = (
				FFBD873C142F63EF0041DD1E /* IRODSAppDelegate.h */,
				FFBD873D142F63EF0041DD1E /* IRODSAppDelegate.m */,
				FFBD8734142F63EF0041DD1E /* Supporting Files */,
			);
			path = "IRODKit-Sample";
			sourceTree = "<group>";
		};
		FFBD8734142F63EF0041DD1E /* Supporting Files */ = {
			isa = PBXGroup;
			children = (
				FFBD8735142F63EF0041DD1E /* IRODKit-Sample-Info.plist */,
				FFBD8736142F63EF0041DD1E /* InfoPlist.strings */,
				FFBD8739142F63EF0041DD1E /* main.m */,
				FFBD873B142F63EF0041DD1E /* IRODKit-Sample-Prefix.pch */,
			);
			name = "Supporting Files";
			sourceTree = "<group>";
		};
		FFBD874D142F646F0041DD1E /* Products */ = {
			isa = PBXGroup;
			children = (
				FFBD8754142F646F0041DD1E /* libIRODKit.a */,
			);
			name = Products;
			sourceTree = "<group>";
		};
		FFBD877E142F66030041DD1E /* Products */ = {
			isa = PBXGroup;
			children = (
				FFBD8783142F66030041DD1E /* libIRFoundationsTouch.a */,
				FFBD8785142F66030041DD1E /* libIRFoundations.a */,
			);
			name = Products;
			sourceTree = "<group>";
		};
		FFBD8787142F66080041DD1E /* Products */ = {
			isa = PBXGroup;
			children = (
				FFBD878C142F66080041DD1E /* libIRWebAPIKit.a */,
				FFBD878E142F66080041DD1E /* IRWebAPIKitTest.octest */,
			);
			name = Products;
			sourceTree = "<group>";
		};
/* End PBXGroup section */

/* Begin PBXNativeTarget section */
		FFBD8728142F63EF0041DD1E /* IRODKit-Sample */ = {
			isa = PBXNativeTarget;
			buildConfigurationList = FFBD8741142F63EF0041DD1E /* Build configuration list for PBXNativeTarget "IRODKit-Sample" */;
			buildPhases = (
				FFBD8725142F63EF0041DD1E /* Sources */,
				FFBD8726142F63EF0041DD1E /* Frameworks */,
				FFBD8727142F63EF0041DD1E /* Resources */,
			);
			buildRules = (
			);
			dependencies = (
				FFBD8790142F660E0041DD1E /* PBXTargetDependency */,
				FFBD8792142F660E0041DD1E /* PBXTargetDependency */,
				FFBD8756142F64760041DD1E /* PBXTargetDependency */,
			);
			name = "IRODKit-Sample";
			productName = "IRODKit-Sample";
			productReference = FFBD8729142F63EF0041DD1E /* IRODKit-Sample.app */;
			productType = "com.apple.product-type.application";
		};
/* End PBXNativeTarget section */

/* Begin PBXProject section */
		FFBD8720142F63EF0041DD1E /* Project object */ = {
			isa = PBXProject;
			attributes = {
				ORGANIZATIONNAME = "Iridia Productions";
			};
			buildConfigurationList = FFBD8723142F63EF0041DD1E /* Build configuration list for PBXProject "IRODKit-Sample" */;
			compatibilityVersion = "Xcode 3.2";
			developmentRegion = English;
			hasScannedForEncodings = 0;
			knownRegions = (
				en,
			);
			mainGroup = FFBD871E142F63EF0041DD1E;
			productRefGroup = FFBD872A142F63EF0041DD1E /* Products */;
			projectDirPath = "";
			projectReferences = (
				{
					ProductGroup = FFBD877E142F66030041DD1E /* Products */;
					ProjectRef = FFBD877D142F66030041DD1E /* IRFoundations.xcodeproj */;
				},
				{
					ProductGroup = FFBD874D142F646F0041DD1E /* Products */;
					ProjectRef = FFBD874C142F646F0041DD1E /* IRODKit.xcodeproj */;
				},
				{
					ProductGroup = FFBD8787142F66080041DD1E /* Products */;
					ProjectRef = FFBD8786142F66080041DD1E /* IRWebAPIKit.xcodeproj */;
				},
			);
			projectRoot = "";
			targets = (
				FFBD8728142F63EF0041DD1E /* IRODKit-Sample */,
			);
		};
/* End PBXProject section */

/* Begin PBXReferenceProxy section */
		FFBD8754142F646F0041DD1E /* libIRODKit.a */ = {
			isa = PBXReferenceProxy;
			fileType = archive.ar;
			path = libIRODKit.a;
			remoteRef = FFBD8753142F646F0041DD1E /* PBXContainerItemProxy */;
			sourceTree = BUILT_PRODUCTS_DIR;
		};
		FFBD8783142F66030041DD1E /* libIRFoundationsTouch.a */ = {
			isa = PBXReferenceProxy;
			fileType = archive.ar;
			path = libIRFoundationsTouch.a;
			remoteRef = FFBD8782142F66030041DD1E /* PBXContainerItemProxy */;
			sourceTree = BUILT_PRODUCTS_DIR;
		};
		FFBD8785142F66030041DD1E /* libIRFoundations.a */ = {
			isa = PBXReferenceProxy;
			fileType = archive.ar;
			path = libIRFoundations.a;
			remoteRef = FFBD8784142F66030041DD1E /* PBXContainerItemProxy */;
			sourceTree = BUILT_PRODUCTS_DIR;
		};
		FFBD878C142F66080041DD1E /* libIRWebAPIKit.a */ = {
			isa = PBXReferenceProxy;
			fileType = archive.ar;
			path = libIRWebAPIKit.a;
			remoteRef = FFBD878B142F66080041DD1E /* PBXContainerItemProxy */;
			sourceTree = BUILT_PRODUCTS_DIR;
		};
		FFBD878E142F66080041DD1E /* IRWebAPIKitTest.octest */ = {
			isa = PBXReferenceProxy;
			fileType = wrapper.cfbundle;
			path = IRWebAPIKitTest.octest;
			remoteRef = FFBD878D142F66080041DD1E /* PBXContainerItemProxy */;
			sourceTree = BUILT_PRODUCTS_DIR;
		};
/* End PBXReferenceProxy section */

/* Begin PBXResourcesBuildPhase section */
		FFBD8727142F63EF0041DD1E /* Resources */ = {
			isa = PBXResourcesBuildPhase;
			buildActionMask = 2147483647;
			files = (
				FFBD8738142F63EF0041DD1E /* InfoPlist.strings in Resources */,
			);
			runOnlyForDeploymentPostprocessing = 0;
		};
/* End PBXResourcesBuildPhase section */

/* Begin PBXSourcesBuildPhase section */
		FFBD8725142F63EF0041DD1E /* Sources */ = {
			isa = PBXSourcesBuildPhase;
			buildActionMask = 2147483647;
			files = (
				FFBD873A142F63EF0041DD1E /* main.m in Sources */,
				FFBD873E142F63EF0041DD1E /* IRODSAppDelegate.m in Sources */,
				FFBD87D4142F71450041DD1E /* JSONKit.m in Sources */,
			);
			runOnlyForDeploymentPostprocessing = 0;
		};
/* End PBXSourcesBuildPhase section */

/* Begin PBXTargetDependency section */
		FFBD8756142F64760041DD1E /* PBXTargetDependency */ = {
			isa = PBXTargetDependency;
			name = IRODKit;
			targetProxy = FFBD8755142F64760041DD1E /* PBXContainerItemProxy */;
		};
		FFBD8790142F660E0041DD1E /* PBXTargetDependency */ = {
			isa = PBXTargetDependency;
			name = IRFoundationsTouch;
			targetProxy = FFBD878F142F660E0041DD1E /* PBXContainerItemProxy */;
		};
		FFBD8792142F660E0041DD1E /* PBXTargetDependency */ = {
			isa = PBXTargetDependency;
			name = IRWebAPIKit;
			targetProxy = FFBD8791142F660E0041DD1E /* PBXContainerItemProxy */;
		};
/* End PBXTargetDependency section */

/* Begin PBXVariantGroup section */
		FFBD8736142F63EF0041DD1E /* InfoPlist.strings */ = {
			isa = PBXVariantGroup;
			children = (
				FFBD8737142F63EF0041DD1E /* en */,
			);
			name = InfoPlist.strings;
			sourceTree = "<group>";
		};
/* End PBXVariantGroup section */

/* Begin XCBuildConfiguration section */
		FFBD873F142F63EF0041DD1E /* Debug */ = {
			isa = XCBuildConfiguration;
			buildSettings = {
				ALWAYS_SEARCH_USER_PATHS = NO;
				ARCHS = "$(ARCHS_STANDARD_32_BIT)";
				"CODE_SIGN_IDENTITY[sdk=iphoneos*]" = "iPhone Developer";
				COPY_PHASE_STRIP = NO;
				GCC_C_LANGUAGE_STANDARD = gnu99;
				GCC_DYNAMIC_NO_PIC = NO;
				GCC_OPTIMIZATION_LEVEL = 0;
				GCC_PREPROCESSOR_DEFINITIONS = (
					"DEBUG=1",
					"$(inherited)",
				);
				GCC_SYMBOLS_PRIVATE_EXTERN = NO;
				GCC_VERSION = com.apple.compilers.llvm.clang.1_0;
				GCC_WARN_ABOUT_MISSING_PROTOTYPES = YES;
				GCC_WARN_ABOUT_RETURN_TYPE = YES;
				GCC_WARN_UNUSED_VARIABLE = YES;
				HEADER_SEARCH_PATHS = (
					"$(PROJECT_DIR)/Externals/IRWebAPIKit",
					"$(PROJECT_DIR)/IRODKit",
				);
				IPHONEOS_DEPLOYMENT_TARGET = 4.3;
				SDKROOT = iphoneos4.3;
			};
			name = Debug;
		};
		FFBD8740142F63EF0041DD1E /* Release */ = {
			isa = XCBuildConfiguration;
			buildSettings = {
				ALWAYS_SEARCH_USER_PATHS = NO;
				ARCHS = "$(ARCHS_STANDARD_32_BIT)";
				"CODE_SIGN_IDENTITY[sdk=iphoneos*]" = "iPhone Developer";
				COPY_PHASE_STRIP = YES;
				GCC_C_LANGUAGE_STANDARD = gnu99;
				GCC_VERSION = com.apple.compilers.llvm.clang.1_0;
				GCC_WARN_ABOUT_MISSING_PROTOTYPES = YES;
				GCC_WARN_ABOUT_RETURN_TYPE = YES;
				GCC_WARN_UNUSED_VARIABLE = YES;
				HEADER_SEARCH_PATHS = (
					"$(PROJECT_DIR)/Externals/IRWebAPIKit",
					"$(PROJECT_DIR)/IRODKit",
				);
				IPHONEOS_DEPLOYMENT_TARGET = 4.3;
				OTHER_CFLAGS = "-DNS_BLOCK_ASSERTIONS=1";
				SDKROOT = iphoneos4.3;
				VALIDATE_PRODUCT = YES;
			};
			name = Release;
		};
		FFBD8742142F63EF0041DD1E /* Debug */ = {
			isa = XCBuildConfiguration;
			buildSettings = {
				GCC_PRECOMPILE_PREFIX_HEADER = YES;
				GCC_PREFIX_HEADER = "IRODKit-Sample/IRODKit-Sample-Prefix.pch";
				INFOPLIST_FILE = "IRODKit-Sample/IRODKit-Sample-Info.plist";
				PRODUCT_NAME = "$(TARGET_NAME)";
				WRAPPER_EXTENSION = app;
			};
			name = Debug;
		};
		FFBD8743142F63EF0041DD1E /* Release */ = {
			isa = XCBuildConfiguration;
			buildSettings = {
				GCC_PRECOMPILE_PREFIX_HEADER = YES;
				GCC_PREFIX_HEADER = "IRODKit-Sample/IRODKit-Sample-Prefix.pch";
				INFOPLIST_FILE = "IRODKit-Sample/IRODKit-Sample-Info.plist";
				PRODUCT_NAME = "$(TARGET_NAME)";
				WRAPPER_EXTENSION = app;
			};
			name = Release;
		};
/* End XCBuildConfiguration section */

/* Begin XCConfigurationList section */
		FFBD8723142F63EF0041DD1E /* Build configuration list for PBXProject "IRODKit-Sample" */ = {
			isa = XCConfigurationList;
			buildConfigurations = (
				FFBD873F142F63EF0041DD1E /* Debug */,
				FFBD8740142F63EF0041DD1E /* Release */,
			);
			defaultConfigurationIsVisible = 0;
			defaultConfigurationName = Release;
		};
		FFBD8741142F63EF0041DD1E /* Build configuration list for PBXNativeTarget "IRODKit-Sample" */ = {
			isa = XCConfigurationList;
			buildConfigurations = (
				FFBD8742142F63EF0041DD1E /* Debug */,
				FFBD8743142F63EF0041DD1E /* Release */,
			);
			defaultConfigurationIsVisible = 0;
			defaultConfigurationName = Release;
		};
/* End XCConfigurationList section */
	};
	rootObject = FFBD8720142F63EF0041DD1E /* Project object */;
}
